
Microsoft Visual Studio Solution File, Format Version 12.00
# Visual Studio Version 16
VisualStudioVersion = 16.0.31205.134
MinimumVisualStudioVersion = 10.0.40219.1
Project("{FAE04EC0-301F-11D3-BF4B-00C04F79EFBC}") = "Homework_01", "Homework_01\Homework_01.csproj", "{7FF7F46B-89CD-46C7-994A-D5CB3AA8D718}"
EndProject
Project("{FAE04EC0-301F-11D3-BF4B-00C04F79EFBC}") = "Homework_Theme_01", "Homework_Theme_01\Homework_Theme_01.csproj", "{7E750FDC-9493-44FF-8FFC-38465F664BE2}"
EndProject
Project("{FAE04EC0-301F-11D3-BF4B-00C04F79EFBC}") = "Homework_Theme_03", "Homework_Theme_03\Homework_Theme_03.csproj", "{5C4FB076-B61C-49D6-AD21-4F615CD5B8B1}"
EndProject
Project("{2150E333-8FDC-42A3-9474-1A3956D46DE8}") = "Solution Items", "Solution Items", "{52A474B1-0774-43A8-94B6-74E4C512B835}"
	ProjectSection(SolutionItems) = preProject
		README.md = README.md
	EndProjectSection
EndProject
Project("{FAE04EC0-301F-11D3-BF4B-00C04F79EFBC}") = "Homework_Theme_04", "Homework_Theme_04\Homework_Theme_04.csproj", "{1759D6E6-3A82-49F9-AD83-B3AF615820C5}"
EndProject
Project("{FAE04EC0-301F-11D3-BF4B-00C04F79EFBC}") = "Homework_Theme_05", "Homework_Theme_05\Homework_Theme_05.csproj", "{B01665E1-214B-41D4-8381-4768113139EE}"
EndProject
Project("{9A19103F-16F7-4668-BE54-9A1E7A4F7556}") = "Homework_Theme_06", "Homework_Theme_06\Homework_Theme_06.csproj", "{4142A3A0-060E-4ACD-83E9-F5E9FCBF9083}"
EndProject
Project("{9A19103F-16F7-4668-BE54-9A1E7A4F7556}") = "Homework_Theme_07", "Homework_Theme_07\Homework_Theme_07.csproj", "{997F9458-4A3E-4756-81D1-5B7AFAC91EA7}"
EndProject
Project("{9A19103F-16F7-4668-BE54-9A1E7A4F7556}") = "Homework_Theme_08", "Homework_Theme_08\Homework_Theme_08.csproj", "{A3F0D77A-65D6-42B4-A8D5-FA1201011ADE}"
EndProject
Project("{9A19103F-16F7-4668-BE54-9A1E7A4F7556}") = "TODO_Bot", "Homework_Theme_09\TODO_Bot.csproj", "{31BC600A-D221-4D37-916B-A750582FD68C}"
EndProject
Global
	GlobalSection(SolutionConfigurationPlatforms) = preSolution
		Debug|Any CPU = Debug|Any CPU
		Release|Any CPU = Release|Any CPU
	EndGlobalSection
	GlobalSection(ProjectConfigurationPlatforms) = postSolution
		{7FF7F46B-89CD-46C7-994A-D5CB3AA8D718}.Debug|Any CPU.ActiveCfg = Debug|Any CPU
		{7FF7F46B-89CD-46C7-994A-D5CB3AA8D718}.Debug|Any CPU.Build.0 = Debug|Any CPU
		{7FF7F46B-89CD-46C7-994A-D5CB3AA8D718}.Release|Any CPU.ActiveCfg = Release|Any CPU
		{7FF7F46B-89CD-46C7-994A-D5CB3AA8D718}.Release|Any CPU.Build.0 = Release|Any CPU
		{7E750FDC-9493-44FF-8FFC-38465F664BE2}.Debug|Any CPU.ActiveCfg = Debug|Any CPU
		{7E750FDC-9493-44FF-8FFC-38465F664BE2}.Debug|Any CPU.Build.0 = Debug|Any CPU
		{7E750FDC-9493-44FF-8FFC-38465F664BE2}.Release|Any CPU.ActiveCfg = Release|Any CPU
		{7E750FDC-9493-44FF-8FFC-38465F664BE2}.Release|Any CPU.Build.0 = Release|Any CPU
		{5C4FB076-B61C-49D6-AD21-4F615CD5B8B1}.Debug|Any CPU.ActiveCfg = Debug|Any CPU
		{5C4FB076-B61C-49D6-AD21-4F615CD5B8B1}.Debug|Any CPU.Build.0 = Debug|Any CPU
		{5C4FB076-B61C-49D6-AD21-4F615CD5B8B1}.Release|Any CPU.ActiveCfg = Release|Any CPU
		{5C4FB076-B61C-49D6-AD21-4F615CD5B8B1}.Release|Any CPU.Build.0 = Release|Any CPU
		{1759D6E6-3A82-49F9-AD83-B3AF615820C5}.Debug|Any CPU.ActiveCfg = Debug|Any CPU
		{1759D6E6-3A82-49F9-AD83-B3AF615820C5}.Debug|Any CPU.Build.0 = Debug|Any CPU
		{1759D6E6-3A82-49F9-AD83-B3AF615820C5}.Release|Any CPU.ActiveCfg = Release|Any CPU
		{1759D6E6-3A82-49F9-AD83-B3AF615820C5}.Release|Any CPU.Build.0 = Release|Any CPU
		{B01665E1-214B-41D4-8381-4768113139EE}.Debug|Any CPU.ActiveCfg = Debug|Any CPU
		{B01665E1-214B-41D4-8381-4768113139EE}.Debug|Any CPU.Build.0 = Debug|Any CPU
		{B01665E1-214B-41D4-8381-4768113139EE}.Release|Any CPU.ActiveCfg = Release|Any CPU
		{B01665E1-214B-41D4-8381-4768113139EE}.Release|Any CPU.Build.0 = Release|Any CPU
		{4142A3A0-060E-4ACD-83E9-F5E9FCBF9083}.Debug|Any CPU.ActiveCfg = Debug|Any CPU
		{4142A3A0-060E-4ACD-83E9-F5E9FCBF9083}.Debug|Any CPU.Build.0 = Debug|Any CPU
		{4142A3A0-060E-4ACD-83E9-F5E9FCBF9083}.Release|Any CPU.ActiveCfg = Release|Any CPU
		{4142A3A0-060E-4ACD-83E9-F5E9FCBF9083}.Release|Any CPU.Build.0 = Release|Any CPU
		{997F9458-4A3E-4756-81D1-5B7AFAC91EA7}.Debug|Any CPU.ActiveCfg = Debug|Any CPU
		{997F9458-4A3E-4756-81D1-5B7AFAC91EA7}.Debug|Any CPU.Build.0 = Debug|Any CPU
		{997F9458-4A3E-4756-81D1-5B7AFAC91EA7}.Release|Any CPU.ActiveCfg = Release|Any CPU
		{997F9458-4A3E-4756-81D1-5B7AFAC91EA7}.Release|Any CPU.Build.0 = Release|Any CPU
		{A3F0D77A-65D6-42B4-A8D5-FA1201011ADE}.Debug|Any CPU.ActiveCfg = Debug|Any CPU
		{A3F0D77A-65D6-42B4-A8D5-FA1201011ADE}.Debug|Any CPU.Build.0 = Debug|Any CPU
		{A3F0D77A-65D6-42B4-A8D5-FA1201011ADE}.Release|Any CPU.ActiveCfg = Release|Any CPU
		{A3F0D77A-65D6-42B4-A8D5-FA1201011ADE}.Release|Any CPU.Build.0 = Release|Any CPU
		{31BC600A-D221-4D37-916B-A750582FD68C}.Debug|Any CPU.ActiveCfg = Debug|Any CPU
		{31BC600A-D221-4D37-916B-A750582FD68C}.Debug|Any CPU.Build.0 = Debug|Any CPU
		{31BC600A-D221-4D37-916B-A750582FD68C}.Release|Any CPU.ActiveCfg = Release|Any CPU
		{31BC600A-D221-4D37-916B-A750582FD68C}.Release|Any CPU.Build.0 = Release|Any CPU
	EndGlobalSection
	GlobalSection(SolutionProperties) = preSolution
		HideSolutionNode = FALSE
	EndGlobalSection
	GlobalSection(ExtensibilityGlobals) = postSolution
		SolutionGuid = {AE998143-2683-415B-9A36-C2FBC0E7666D}
	EndGlobalSection
EndGlobal
